
Microsoft Visual Studio Solution File, Format Version 12.00
# Visual Studio Version 17
VisualStudioVersion = 17.13.35913.81 d17.13
MinimumVisualStudioVersion = 10.0.40219.1
Project("{FAE04EC0-301F-11D3-BF4B-00C04F79EFBC}") = "RPG", "RPG\RPG.csproj", "{DD376941-95AF-4DB9-90D1-F3276A001046}"
EndProject
Global
	GlobalSection(SolutionConfigurationPlatforms) = preSolution
		Debug|Any CPU = Debug|Any CPU
		Release|Any CPU = Release|Any CPU
	EndGlobalSection
	GlobalSection(ProjectConfigurationPlatforms) = postSolution
		{DD376941-95AF-4DB9-90D1-F3276A001046}.Debug|Any CPU.ActiveCfg = Debug|Any CPU
		{DD376941-95AF-4DB9-90D1-F3276A001046}.Debug|Any CPU.Build.0 = Debug|Any CPU
		{DD376941-95AF-4DB9-90D1-F3276A001046}.Release|Any CPU.ActiveCfg = Release|Any CPU
		{DD376941-95AF-4DB9-90D1-F3276A001046}.Release|Any CPU.Build.0 = Release|Any CPU
	EndGlobalSection
	GlobalSection(SolutionProperties) = preSolution
		HideSolutionNode = FALSE
	EndGlobalSection
	GlobalSection(ExtensibilityGlobals) = postSolution
		SolutionGuid = {302AF92B-91B3-465A-85F8-76FC376738A5}
	EndGlobalSection
EndGlobal
